// !$*UTF8*$!
{
	archiveVersion = 1;
	classes = {
	};
	objectVersion = 50;
	objects = {

/* Begin PBXBuildFile section */
		10BABAC821DF34E300D958D9 /* AppDelegate.m in Sources */ = {isa = PBXBuildFile; fileRef = 10BABAC721DF34E300D958D9 /* AppDelegate.m */; };
		10BABACB21DF34E300D958D9 /* ViewController.m in Sources */ = {isa = PBXBuildFile; fileRef = 10BABACA21DF34E300D958D9 /* ViewController.m */; };
		10BABACE21DF34E300D958D9 /* Main.storyboard in Resources */ = {isa = PBXBuildFile; fileRef = 10BABACC21DF34E300D958D9 /* Main.storyboard */; };
		10BABAD021DF34F500D958D9 /* Assets.xcassets in Resources */ = {isa = PBXBuildFile; fileRef = 10BABACF21DF34F500D958D9 /* Assets.xcassets */; };
		10BABAD321DF34F500D958D9 /* LaunchScreen.storyboard in Resources */ = {isa = PBXBuildFile; fileRef = 10BABAD121DF34F500D958D9 /* LaunchScreen.storyboard */; };
		10BABAD621DF34F500D958D9 /* main.m in Sources */ = {isa = PBXBuildFile; fileRef = 10BABAD521DF34F500D958D9 /* main.m */; };
		10C60FD321ECA3B400C91115 /* HBTableViewCell.m in Sources */ = {isa = PBXBuildFile; fileRef = 10C60FD221ECA3B400C91115 /* HBTableViewCell.m */; };
		10C60FD521ECAD9300C91115 /* response.json in Resources */ = {isa = PBXBuildFile; fileRef = 10C60FD421ECAD9300C91115 /* response.json */; };
		10C60FD821ECAF6700C91115 /* HBContentModel.m in Sources */ = {isa = PBXBuildFile; fileRef = 10C60FD721ECAF6700C91115 /* HBContentModel.m */; };
		E7F9D97B44FB82DDB7F47E37 /* libPods-demo.a in Frameworks */ = {isa = PBXBuildFile; fileRef = 9B471371A431FA65C775D9CA /* libPods-demo.a */; };
/* End PBXBuildFile section */

/* Begin PBXFileReference section */
		10BABAC321DF34E300D958D9 /* demo.app */ = {isa = PBXFileReference; explicitFileType = wrapper.application; includeInIndex = 0; path = demo.app; sourceTree = BUILT_PRODUCTS_DIR; };
		10BABAC621DF34E300D958D9 /* AppDelegate.h */ = {isa = PBXFileReference; lastKnownFileType = sourcecode.c.h; path = AppDelegate.h; sourceTree = "<group>"; };
		10BABAC721DF34E300D958D9 /* AppDelegate.m */ = {isa = PBXFileReference; lastKnownFileType = sourcecode.c.objc; path = AppDelegate.m; sourceTree = "<group>"; };
		10BABAC921DF34E300D958D9 /* ViewController.h */ = {isa = PBXFileReference; lastKnownFileType = sourcecode.c.h; path = ViewController.h; sourceTree = "<group>"; };
		10BABACA21DF34E300D958D9 /* ViewController.m */ = {isa = PBXFileReference; lastKnownFileType = sourcecode.c.objc; path = ViewController.m; sourceTree = "<group>"; };
		10BABACD21DF34E300D958D9 /* Base */ = {isa = PBXFileReference; lastKnownFileType = file.storyboard; name = Base; path = Base.lproj/Main.storyboard; sourceTree = "<group>"; };
		10BABACF21DF34F500D958D9 /* Assets.xcassets */ = {isa = PBXFileReference; lastKnownFileType = folder.assetcatalog; path = Assets.xcassets; sourceTree = "<group>"; };
		10BABAD221DF34F500D958D9 /* Base */ = {isa = PBXFileReference; lastKnownFileType = file.storyboard; name = Base; path = Base.lproj/LaunchScreen.storyboard; sourceTree = "<group>"; };
		10BABAD421DF34F500D958D9 /* Info.plist */ = {isa = PBXFileReference; lastKnownFileType = text.plist.xml; path = Info.plist; sourceTree = "<group>"; };
		10BABAD521DF34F500D958D9 /* main.m */ = {isa = PBXFileReference; lastKnownFileType = sourcecode.c.objc; path = main.m; sourceTree = "<group>"; };
		10C60FD121ECA3B300C91115 /* HBTableViewCell.h */ = {isa = PBXFileReference; lastKnownFileType = sourcecode.c.h; path = HBTableViewCell.h; sourceTree = "<group>"; };
		10C60FD221ECA3B400C91115 /* HBTableViewCell.m */ = {isa = PBXFileReference; lastKnownFileType = sourcecode.c.objc; path = HBTableViewCell.m; sourceTree = "<group>"; };
		10C60FD421ECAD9300C91115 /* response.json */ = {isa = PBXFileReference; fileEncoding = 4; lastKnownFileType = text.json; path = response.json; sourceTree = "<group>"; };
		10C60FD621ECAF6700C91115 /* HBContentModel.h */ = {isa = PBXFileReference; lastKnownFileType = sourcecode.c.h; path = HBContentModel.h; sourceTree = "<group>"; };
		10C60FD721ECAF6700C91115 /* HBContentModel.m */ = {isa = PBXFileReference; lastKnownFileType = sourcecode.c.objc; path = HBContentModel.m; sourceTree = "<group>"; };
		315A16DD64A0CDFAFE5B43D6 /* Pods-demo.release.xcconfig */ = {isa = PBXFileReference; includeInIndex = 1; lastKnownFileType = text.xcconfig; name = "Pods-demo.release.xcconfig"; path = "Target Support Files/Pods-demo/Pods-demo.release.xcconfig"; sourceTree = "<group>"; };
		4D187B411DA2246BA67527CC /* Pods-demo.debug.xcconfig */ = {isa = PBXFileReference; includeInIndex = 1; lastKnownFileType = text.xcconfig; name = "Pods-demo.debug.xcconfig"; path = "Target Support Files/Pods-demo/Pods-demo.debug.xcconfig"; sourceTree = "<group>"; };
		9B471371A431FA65C775D9CA /* libPods-demo.a */ = {isa = PBXFileReference; explicitFileType = archive.ar; includeInIndex = 0; path = "libPods-demo.a"; sourceTree = BUILT_PRODUCTS_DIR; };
/* End PBXFileReference section */

/* Begin PBXFrameworksBuildPhase section */
		10BABAC021DF34E300D958D9 /* Frameworks */ = {
			isa = PBXFrameworksBuildPhase;
			buildActionMask = 2147483647;
			files = (
				E7F9D97B44FB82DDB7F47E37 /* libPods-demo.a in Frameworks */,
			);
			runOnlyForDeploymentPostprocessing = 0;
		};
/* End PBXFrameworksBuildPhase section */

/* Begin PBXGroup section */
		10BABABA21DF34E200D958D9 = {
			isa = PBXGroup;
			children = (
				10BABAC521DF34E300D958D9 /* demo */,
				10BABAC421DF34E300D958D9 /* Products */,
				75A1AE3604A7CEA8F2C1EC8B /* Pods */,
				75DED9FF986C019161D5B3B7 /* Frameworks */,
			);
			sourceTree = "<group>";
		};
		10BABAC421DF34E300D958D9 /* Products */ = {
			isa = PBXGroup;
			children = (
				10BABAC321DF34E300D958D9 /* demo.app */,
			);
			name = Products;
			sourceTree = "<group>";
		};
		10BABAC521DF34E300D958D9 /* demo */ = {
			isa = PBXGroup;
			children = (
				10C60FD421ECAD9300C91115 /* response.json */,
				10BABAC621DF34E300D958D9 /* AppDelegate.h */,
				10BABAC721DF34E300D958D9 /* AppDelegate.m */,
				10BABAC921DF34E300D958D9 /* ViewController.h */,
				10BABACA21DF34E300D958D9 /* ViewController.m */,
				10C60FD121ECA3B300C91115 /* HBTableViewCell.h */,
				10C60FD221ECA3B400C91115 /* HBTableViewCell.m */,
				10C60FD621ECAF6700C91115 /* HBContentModel.h */,
				10C60FD721ECAF6700C91115 /* HBContentModel.m */,
				10BABACC21DF34E300D958D9 /* Main.storyboard */,
				10BABACF21DF34F500D958D9 /* Assets.xcassets */,
				10BABAD121DF34F500D958D9 /* LaunchScreen.storyboard */,
				10BABAD421DF34F500D958D9 /* Info.plist */,
				10BABAD521DF34F500D958D9 /* main.m */,
			);
			path = demo;
			sourceTree = "<group>";
		};
		75A1AE3604A7CEA8F2C1EC8B /* Pods */ = {
			isa = PBXGroup;
			children = (
				4D187B411DA2246BA67527CC /* Pods-demo.debug.xcconfig */,
				315A16DD64A0CDFAFE5B43D6 /* Pods-demo.release.xcconfig */,
			);
			path = Pods;
			sourceTree = "<group>";
		};
		75DED9FF986C019161D5B3B7 /* Frameworks */ = {
			isa = PBXGroup;
			children = (
				9B471371A431FA65C775D9CA /* libPods-demo.a */,
			);
			name = Frameworks;
			sourceTree = "<group>";
		};
/* End PBXGroup section */

/* Begin PBXNativeTarget section */
		10BABAC221DF34E300D958D9 /* demo */ = {
			isa = PBXNativeTarget;
			buildConfigurationList = 10BABAD921DF34F500D958D9 /* Build configuration list for PBXNativeTarget "demo" */;
			buildPhases = (
				1362F15B7F7CCF8D7E3319B4 /* [CP] Check Pods Manifest.lock */,
				10BABABF21DF34E300D958D9 /* Sources */,
				10BABAC021DF34E300D958D9 /* Frameworks */,
				10BABAC121DF34E300D958D9 /* Resources */,
			);
			buildRules = (
			);
			dependencies = (
			);
			name = demo;
			productName = demo;
			productReference = 10BABAC321DF34E300D958D9 /* demo.app */;
			productType = "com.apple.product-type.application";
		};
/* End PBXNativeTarget section */

/* Begin PBXProject section */
		10BABABB21DF34E200D958D9 /* Project object */ = {
			isa = PBXProject;
			attributes = {
				CLASSPREFIX = HB;
				LastUpgradeCheck = 1010;
				ORGANIZATIONNAME = "黄启标";
				TargetAttributes = {
					10BABAC221DF34E300D958D9 = {
						CreatedOnToolsVersion = 10.1;
					};
				};
			};
			buildConfigurationList = 10BABABE21DF34E200D958D9 /* Build configuration list for PBXProject "demo" */;
			compatibilityVersion = "Xcode 9.3";
			developmentRegion = en;
			hasScannedForEncodings = 0;
			knownRegions = (
				en,
				Base,
			);
			mainGroup = 10BABABA21DF34E200D958D9;
			productRefGroup = 10BABAC421DF34E300D958D9 /* Products */;
			projectDirPath = "";
			projectRoot = "";
			targets = (
				10BABAC221DF34E300D958D9 /* demo */,
			);
		};
/* End PBXProject section */

/* Begin PBXResourcesBuildPhase section */
		10BABAC121DF34E300D958D9 /* Resources */ = {
			isa = PBXResourcesBuildPhase;
			buildActionMask = 2147483647;
			files = (
				10C60FD521ECAD9300C91115 /* response.json in Resources */,
				10BABAD321DF34F500D958D9 /* LaunchScreen.storyboard in Resources */,
				10BABAD021DF34F500D958D9 /* Assets.xcassets in Resources */,
				10BABACE21DF34E300D958D9 /* Main.storyboard in Resources */,
			);
			runOnlyForDeploymentPostprocessing = 0;
		};
/* End PBXResourcesBuildPhase section */

/* Begin PBXShellScriptBuildPhase section */
		1362F15B7F7CCF8D7E3319B4 /* [CP] Check Pods Manifest.lock */ = {
			isa = PBXShellScriptBuildPhase;
			buildActionMask = 2147483647;
			files = (
			);
			inputFileListPaths = (
			);
			inputPaths = (
				"${PODS_PODFILE_DIR_PATH}/Podfile.lock",
				"${PODS_ROOT}/Manifest.lock",
			);
			name = "[CP] Check Pods Manifest.lock";
			outputFileListPaths = (
			);
			outputPaths = (
				"$(DERIVED_FILE_DIR)/Pods-demo-checkManifestLockResult.txt",
			);
			runOnlyForDeploymentPostprocessing = 0;
			shellPath = /bin/sh;
			shellScript = "diff \"${PODS_PODFILE_DIR_PATH}/Podfile.lock\" \"${PODS_ROOT}/Manifest.lock\" > /dev/null\nif [ $? != 0 ] ; then\n    # print error to STDERR\n    echo \"error: The sandbox is not in sync with the Podfile.lock. Run 'pod install' or update your CocoaPods installation.\" >&2\n    exit 1\nfi\n# This output is used by Xcode 'outputs' to avoid re-running this script phase.\necho \"SUCCESS\" > \"${SCRIPT_OUTPUT_FILE_0}\"\n";
			showEnvVarsInLog = 0;
		};
/* End PBXShellScriptBuildPhase section */

/* Begin PBXSourcesBuildPhase section */
		10BABABF21DF34E300D958D9 /* Sources */ = {
			isa = PBXSourcesBuildPhase;
			buildActionMask = 2147483647;
			files = (
				10C60FD821ECAF6700C91115 /* HBContentModel.m in Sources */,
				10BABACB21DF34E300D958D9 /* ViewController.m in Sources */,
				10C60FD321ECA3B400C91115 /* HBTableViewCell.m in Sources */,
				10BABAD621DF34F500D958D9 /* main.m in Sources */,
				10BABAC821DF34E300D958D9 /* AppDelegate.m in Sources */,
			);
			runOnlyForDeploymentPostprocessing = 0;
		};
/* End PBXSourcesBuildPhase section */

/* Begin PBXVariantGroup section */
		10BABACC21DF34E300D958D9 /* Main.storyboard */ = {
			isa = PBXVariantGroup;
			children = (
				10BABACD21DF34E300D958D9 /* Base */,
			);
			name = Main.storyboard;
			sourceTree = "<group>";
		};
		10BABAD121DF34F500D958D9 /* LaunchScreen.storyboard */ = {
			isa = PBXVariantGroup;
			children = (
				10BABAD221DF34F500D958D9 /* Base */,
			);
			name = LaunchScreen.storyboard;
			sourceTree = "<group>";
		};
/* End PBXVariantGroup section */

/* Begin XCBuildConfiguration section */
		10BABAD721DF34F500D958D9 /* Debug */ = {
			isa = XCBuildConfiguration;
			buildSettings = {
				ALWAYS_SEARCH_USER_PATHS = NO;
				CLANG_ANALYZER_NONNULL = YES;
				CLANG_ANALYZER_NUMBER_OBJECT_CONVERSION = YES_AGGRESSIVE;
				CLANG_CXX_LANGUAGE_STANDARD = "gnu++14";
				CLANG_CXX_LIBRARY = "libc++";
				CLANG_ENABLE_MODULES = YES;
				CLANG_ENABLE_OBJC_ARC = YES;
				CLANG_ENABLE_OBJC_WEAK = YES;
				CLANG_WARN_BLOCK_CAPTURE_AUTORELEASING = YES;
				CLANG_WARN_BOOL_CONVERSION = YES;
				CLANG_WARN_COMMA = YES;
				CLANG_WARN_CONSTANT_CONVERSION = YES;
				CLANG_WARN_DEPRECATED_OBJC_IMPLEMENTATIONS = YES;
				CLANG_WARN_DIRECT_OBJC_ISA_USAGE = YES_ERROR;
				CLANG_WARN_DOCUMENTATION_COMMENTS = YES;
				CLANG_WARN_EMPTY_BODY = YES;
				CLANG_WARN_ENUM_CONVERSION = YES;
				CLANG_WARN_INFINITE_RECURSION = YES;
				CLANG_WARN_INT_CONVERSION = YES;
				CLANG_WARN_NON_LITERAL_NULL_CONVERSION = YES;
				CLANG_WARN_OBJC_IMPLICIT_RETAIN_SELF = YES;
				CLANG_WARN_OBJC_LITERAL_CONVERSION = YES;
				CLANG_WARN_OBJC_ROOT_CLASS = YES_ERROR;
				CLANG_WARN_RANGE_LOOP_ANALYSIS = YES;
				CLANG_WARN_STRICT_PROTOTYPES = YES;
				CLANG_WARN_SUSPICIOUS_MOVE = YES;
				CLANG_WARN_UNGUARDED_AVAILABILITY = YES_AGGRESSIVE;
				CLANG_WARN_UNREACHABLE_CODE = YES;
				CLANG_WARN__DUPLICATE_METHOD_MATCH = YES;
				CODE_SIGN_IDENTITY = "iPhone Developer";
				COPY_PHASE_STRIP = NO;
				DEBUG_INFORMATION_FORMAT = dwarf;
				ENABLE_STRICT_OBJC_MSGSEND = YES;
				ENABLE_TESTABILITY = YES;
				GCC_C_LANGUAGE_STANDARD = gnu11;
				GCC_DYNAMIC_NO_PIC = NO;
				GCC_NO_COMMON_BLOCKS = YES;
				GCC_OPTIMIZATION_LEVEL = 0;
				GCC_PREPROCESSOR_DEFINITIONS = (
					"DEBUG=1",
					"$(inherited)",
				);
				GCC_WARN_64_TO_32_BIT_CONVERSION = YES;
				GCC_WARN_ABOUT_RETURN_TYPE = YES_ERROR;
				GCC_WARN_UNDECLARED_SELECTOR = YES;
				GCC_WARN_UNINITIALIZED_AUTOS = YES_AGGRESSIVE;
				GCC_WARN_UNUSED_FUNCTION = YES;
				GCC_WARN_UNUSED_VARIABLE = YES;
				IPHONEOS_DEPLOYMENT_TARGET = 12.1;
				MTL_ENABLE_DEBUG_INFO = INCLUDE_SOURCE;
				MTL_FAST_MATH = YES;
				ONLY_ACTIVE_ARCH = YES;
				SDKROOT = iphoneos;
			};
			name = Debug;
		};
		10BABAD821DF34F500D958D9 /* Release */ = {
			isa = XCBuildConfiguration;
			buildSettings = {
				ALWAYS_SEARCH_USER_PATHS = NO;
				CLANG_ANALYZER_NONNULL = YES;
				CLANG_ANALYZER_NUMBER_OBJECT_CONVERSION = YES_AGGRESSIVE;
				CLANG_CXX_LANGUAGE_STANDARD = "gnu++14";
				CLANG_CXX_LIBRARY = "libc++";
				CLANG_ENABLE_MODULES = YES;
				CLANG_ENABLE_OBJC_ARC = YES;
				CLANG_ENABLE_OBJC_WEAK = YES;
				CLANG_WARN_BLOCK_CAPTURE_AUTORELEASING = YES;
				CLANG_WARN_BOOL_CONVERSION = YES;
				CLANG_WARN_COMMA = YES;
				CLANG_WARN_CONSTANT_CONVERSION = YES;
				CLANG_WARN_DEPRECATED_OBJC_IMPLEMENTATIONS = YES;
				CLANG_WARN_DIRECT_OBJC_ISA_USAGE = YES_ERROR;
				CLANG_WARN_DOCUMENTATION_COMMENTS = YES;
				CLANG_WARN_EMPTY_BODY = YES;
				CLANG_WARN_ENUM_CONVERSION = YES;
				CLANG_WARN_INFINITE_RECURSION = YES;
				CLANG_WARN_INT_CONVERSION = YES;
				CLANG_WARN_NON_LITERAL_NULL_CONVERSION = YES;
				CLANG_WARN_OBJC_IMPLICIT_RETAIN_SELF = YES;
				CLANG_WARN_OBJC_LITERAL_CONVERSION = YES;
				CLANG_WARN_OBJC_ROOT_CLASS = YES_ERROR;
				CLANG_WARN_RANGE_LOOP_ANALYSIS = YES;
				CLANG_WARN_STRICT_PROTOTYPES = YES;
				CLANG_WARN_SUSPICIOUS_MOVE = YES;
				CLANG_WARN_UNGUARDED_AVAILABILITY = YES_AGGRESSIVE;
				CLANG_WARN_UNREACHABLE_CODE = YES;
				CLANG_WARN__DUPLICATE_METHOD_MATCH = YES;
				CODE_SIGN_IDENTITY = "iPhone Developer";
				COPY_PHASE_STRIP = NO;
				DEBUG_INFORMATION_FORMAT = "dwarf-with-dsym";
				ENABLE_NS_ASSERTIONS = NO;
				ENABLE_STRICT_OBJC_MSGSEND = YES;
				GCC_C_LANGUAGE_STANDARD = gnu11;
				GCC_NO_COMMON_BLOCKS = YES;
				GCC_WARN_64_TO_32_BIT_CONVERSION = YES;
				GCC_WARN_ABOUT_RETURN_TYPE = YES_ERROR;
				GCC_WARN_UNDECLARED_SELECTOR = YES;
				GCC_WARN_UNINITIALIZED_AUTOS = YES_AGGRESSIVE;
				GCC_WARN_UNUSED_FUNCTION = YES;
				GCC_WARN_UNUSED_VARIABLE = YES;
				IPHONEOS_DEPLOYMENT_TARGET = 12.1;
				MTL_ENABLE_DEBUG_INFO = NO;
				MTL_FAST_MATH = YES;
				SDKROOT = iphoneos;
				VALIDATE_PRODUCT = YES;
			};
			name = Release;
		};
		10BABADA21DF34F500D958D9 /* Debug */ = {
			isa = XCBuildConfiguration;
			baseConfigurationReference = 4D187B411DA2246BA67527CC /* Pods-demo.debug.xcconfig */;
			buildSettings = {
				ASSETCATALOG_COMPILER_APPICON_NAME = AppIcon;
				CODE_SIGN_STYLE = Automatic;
				DEVELOPMENT_TEAM = 7RFY38LY5X;
				INFOPLIST_FILE = demo/Info.plist;
				IPHONEOS_DEPLOYMENT_TARGET = 9.0;
				LD_RUNPATH_SEARCH_PATHS = (
					"$(inherited)",
					"@executable_path/Frameworks",
				);
				PRODUCT_BUNDLE_IDENTIFIER = "cn.migu.video.-";
				PRODUCT_NAME = "$(TARGET_NAME)";
				TARGETED_DEVICE_FAMILY = "1,2";
			};
			name = Debug;
		};
		10BABADB21DF34F500D958D9 /* Release */ = {
			isa = XCBuildConfiguration;
			baseConfigurationReference = 315A16DD64A0CDFAFE5B43D6 /* Pods-demo.release.xcconfig */;
			buildSettings = {
				ASSETCATALOG_COMPILER_APPICON_NAME = AppIcon;
				CODE_SIGN_STYLE = Automatic;
				DEVELOPMENT_TEAM = 7RFY38LY5X;
				INFOPLIST_FILE = demo/Info.plist;
				IPHONEOS_DEPLOYMENT_TARGET = 9.0;
				LD_RUNPATH_SEARCH_PATHS = (
					"$(inherited)",
					"@executable_path/Frameworks",
				);
				PRODUCT_BUNDLE_IDENTIFIER = "cn.migu.video.-";
				PRODUCT_NAME = "$(TARGET_NAME)";
				TARGETED_DEVICE_FAMILY = "1,2";
			};
			name = Release;
		};
/* End XCBuildConfiguration section */

/* Begin XCConfigurationList section */
		10BABABE21DF34E200D958D9 /* Build configuration list for PBXProject "demo" */ = {
			isa = XCConfigurationList;
			buildConfigurations = (
				10BABAD721DF34F500D958D9 /* Debug */,
				10BABAD821DF34F500D958D9 /* Release */,
			);
			defaultConfigurationIsVisible = 0;
			defaultConfigurationName = Release;
		};
		10BABAD921DF34F500D958D9 /* Build configuration list for PBXNativeTarget "demo" */ = {
			isa = XCConfigurationList;
			buildConfigurations = (
				10BABADA21DF34F500D958D9 /* Debug */,
				10BABADB21DF34F500D958D9 /* Release */,
			);
			defaultConfigurationIsVisible = 0;
			defaultConfigurationName = Release;
		};
/* End XCConfigurationList section */
	};
	rootObject = 10BABABB21DF34E200D958D9 /* Project object */;
}
